
Microsoft Visual Studio Solution File, Format Version 12.00
# Visual Studio Version 16
VisualStudioVersion = 16.0.29411.108
MinimumVisualStudioVersion = 10.0.40219.1
Project("{FAE04EC0-301F-11D3-BF4B-00C04F79EFBC}") = "LibNMeCab", "LibNMeCab\LibNMeCab.csproj", "{FAE9A9DB-B236-4654-854A-85C3FE1F4B84}"
EndProject
Project("{FAE04EC0-301F-11D3-BF4B-00C04F79EFBC}") = "LibNMeCabTest", "LibNMeCabTest\LibNMeCabTest.csproj", "{8C627011-458F-46C5-B546-20588AD8EF48}"
EndProject
Global
	GlobalSection(SolutionConfigurationPlatforms) = preSolution
		Debug|Any CPU = Debug|Any CPU
		Release|Any CPU = Release|Any CPU
	EndGlobalSection
	GlobalSection(ProjectConfigurationPlatforms) = postSolution
		{FAE9A9DB-B236-4654-854A-85C3FE1F4B84}.Debug|Any CPU.ActiveCfg = Debug|Any CPU
		{FAE9A9DB-B236-4654-854A-85C3FE1F4B84}.Debug|Any CPU.Build.0 = Debug|Any CPU
		{FAE9A9DB-B236-4654-854A-85C3FE1F4B84}.Release|Any CPU.ActiveCfg = Release|Any CPU
		{FAE9A9DB-B236-4654-854A-85C3FE1F4B84}.Release|Any CPU.Build.0 = Release|Any CPU
		{8C627011-458F-46C5-B546-20588AD8EF48}.Debug|Any CPU.ActiveCfg = Debug|Any CPU
		{8C627011-458F-46C5-B546-20588AD8EF48}.Debug|Any CPU.Build.0 = Debug|Any CPU
		{8C627011-458F-46C5-B546-20588AD8EF48}.Release|Any CPU.ActiveCfg = Release|Any CPU
		{8C627011-458F-46C5-B546-20588AD8EF48}.Release|Any CPU.Build.0 = Release|Any CPU
	EndGlobalSection
	GlobalSection(SolutionProperties) = preSolution
		HideSolutionNode = FALSE
	EndGlobalSection
	GlobalSection(ExtensibilityGlobals) = postSolution
		SolutionGuid = {4C6D7E22-02AE-4F7D-A646-AB8B35AE0120}
	EndGlobalSection
EndGlobal
